// !$*UTF8*$!
{
	archiveVersion = 1;
	classes = {
	};
	objectVersion = 56;
	objects = {

/* Begin PBXBuildFile section */
		8434404729CE0A4900ED0588 /* AppDelegate.swift in Sources */ = {isa = PBXBuildFile; fileRef = 8434404629CE0A4900ED0588 /* AppDelegate.swift */; };
		8434404929CE0A4900ED0588 /* SceneDelegate.swift in Sources */ = {isa = PBXBuildFile; fileRef = 8434404829CE0A4900ED0588 /* SceneDelegate.swift */; };
		8434404E29CE0A4900ED0588 /* Main.storyboard in Resources */ = {isa = PBXBuildFile; fileRef = 8434404C29CE0A4900ED0588 /* Main.storyboard */; };
		8434405029CE0A4B00ED0588 /* Assets.xcassets in Resources */ = {isa = PBXBuildFile; fileRef = 8434404F29CE0A4B00ED0588 /* Assets.xcassets */; };
		8434405329CE0A4B00ED0588 /* LaunchScreen.storyboard in Resources */ = {isa = PBXBuildFile; fileRef = 8434405129CE0A4B00ED0588 /* LaunchScreen.storyboard */; };
		8434405D29CE0AAC00ED0588 /* Banque.swift in Sources */ = {isa = PBXBuildFile; fileRef = 8434405C29CE0AAC00ED0588 /* Banque.swift */; };
		8434405F29CE0AB900ED0588 /* Client.swift in Sources */ = {isa = PBXBuildFile; fileRef = 8434405E29CE0AB900ED0588 /* Client.swift */; };
		8434406129CE0ACD00ED0588 /* Compte.swift in Sources */ = {isa = PBXBuildFile; fileRef = 8434406029CE0ACD00ED0588 /* Compte.swift */; };
		8434406329CE0CFC00ED0588 /* BanqueRestAPI.swift in Sources */ = {isa = PBXBuildFile; fileRef = 8434406229CE0CFC00ED0588 /* BanqueRestAPI.swift */; };
		8434406529CE1D5F00ED0588 /* BanquesTVC.swift in Sources */ = {isa = PBXBuildFile; fileRef = 8434406429CE1D5F00ED0588 /* BanquesTVC.swift */; };
		84B54CBA29D742160024AACA /* ClientRestAPI.swift in Sources */ = {isa = PBXBuildFile; fileRef = 84B54CB929D742160024AACA /* ClientRestAPI.swift */; };
		84B54CBC29D74C550024AACA /* ClientsTVC.swift in Sources */ = {isa = PBXBuildFile; fileRef = 84B54CBB29D74C550024AACA /* ClientsTVC.swift */; };
/* End PBXBuildFile section */

/* Begin PBXFileReference section */
		8434404329CE0A4900ED0588 /* sol-td07.app */ = {isa = PBXFileReference; explicitFileType = wrapper.application; includeInIndex = 0; path = "sol-td07.app"; sourceTree = BUILT_PRODUCTS_DIR; };
		8434404629CE0A4900ED0588 /* AppDelegate.swift */ = {isa = PBXFileReference; lastKnownFileType = sourcecode.swift; path = AppDelegate.swift; sourceTree = "<group>"; };
		8434404829CE0A4900ED0588 /* SceneDelegate.swift */ = {isa = PBXFileReference; lastKnownFileType = sourcecode.swift; path = SceneDelegate.swift; sourceTree = "<group>"; };
		8434404D29CE0A4900ED0588 /* Base */ = {isa = PBXFileReference; lastKnownFileType = file.storyboard; name = Base; path = Base.lproj/Main.storyboard; sourceTree = "<group>"; };
		8434404F29CE0A4B00ED0588 /* Assets.xcassets */ = {isa = PBXFileReference; lastKnownFileType = folder.assetcatalog; path = Assets.xcassets; sourceTree = "<group>"; };
		8434405229CE0A4B00ED0588 /* Base */ = {isa = PBXFileReference; lastKnownFileType = file.storyboard; name = Base; path = Base.lproj/LaunchScreen.storyboard; sourceTree = "<group>"; };
		8434405429CE0A4B00ED0588 /* Info.plist */ = {isa = PBXFileReference; lastKnownFileType = text.plist.xml; path = Info.plist; sourceTree = "<group>"; };
		8434405C29CE0AAC00ED0588 /* Banque.swift */ = {isa = PBXFileReference; lastKnownFileType = sourcecode.swift; path = Banque.swift; sourceTree = "<group>"; };
		8434405E29CE0AB900ED0588 /* Client.swift */ = {isa = PBXFileReference; lastKnownFileType = sourcecode.swift; path = Client.swift; sourceTree = "<group>"; };
		8434406029CE0ACD00ED0588 /* Compte.swift */ = {isa = PBXFileReference; lastKnownFileType = sourcecode.swift; path = Compte.swift; sourceTree = "<group>"; };
		8434406229CE0CFC00ED0588 /* BanqueRestAPI.swift */ = {isa = PBXFileReference; lastKnownFileType = sourcecode.swift; path = BanqueRestAPI.swift; sourceTree = "<group>"; };
		8434406429CE1D5F00ED0588 /* BanquesTVC.swift */ = {isa = PBXFileReference; lastKnownFileType = sourcecode.swift; path = BanquesTVC.swift; sourceTree = "<group>"; };
		84B54CB929D742160024AACA /* ClientRestAPI.swift */ = {isa = PBXFileReference; lastKnownFileType = sourcecode.swift; path = ClientRestAPI.swift; sourceTree = "<group>"; };
		84B54CBB29D74C550024AACA /* ClientsTVC.swift */ = {isa = PBXFileReference; lastKnownFileType = sourcecode.swift; path = ClientsTVC.swift; sourceTree = "<group>"; };
/* End PBXFileReference section */

/* Begin PBXFrameworksBuildPhase section */
		8434404029CE0A4900ED0588 /* Frameworks */ = {
			isa = PBXFrameworksBuildPhase;
			buildActionMask = 2147483647;
			files = (
			);
			runOnlyForDeploymentPostprocessing = 0;
		};
/* End PBXFrameworksBuildPhase section */

/* Begin PBXGroup section */
		8434403A29CE0A4900ED0588 = {
			isa = PBXGroup;
			children = (
				8434404529CE0A4900ED0588 /* sol-td07 */,
				8434404429CE0A4900ED0588 /* Products */,
			);
			sourceTree = "<group>";
		};
		8434404429CE0A4900ED0588 /* Products */ = {
			isa = PBXGroup;
			children = (
				8434404329CE0A4900ED0588 /* sol-td07.app */,
			);
			name = Products;
			sourceTree = "<group>";
		};
		8434404529CE0A4900ED0588 /* sol-td07 */ = {
			isa = PBXGroup;
			children = (
				8434405B29CE0A7900ED0588 /* services */,
				8434405A29CE0A6400ED0588 /* entities */,
				8434404629CE0A4900ED0588 /* AppDelegate.swift */,
				8434404829CE0A4900ED0588 /* SceneDelegate.swift */,
				8434404C29CE0A4900ED0588 /* Main.storyboard */,
				8434404F29CE0A4B00ED0588 /* Assets.xcassets */,
				8434405129CE0A4B00ED0588 /* LaunchScreen.storyboard */,
				8434405429CE0A4B00ED0588 /* Info.plist */,
				8434406429CE1D5F00ED0588 /* BanquesTVC.swift */,
				84B54CBB29D74C550024AACA /* ClientsTVC.swift */,
			);
			path = "sol-td07";
			sourceTree = "<group>";
		};
		8434405A29CE0A6400ED0588 /* entities */ = {
			isa = PBXGroup;
			children = (
				8434405C29CE0AAC00ED0588 /* Banque.swift */,
				8434405E29CE0AB900ED0588 /* Client.swift */,
				8434406029CE0ACD00ED0588 /* Compte.swift */,
			);
			path = entities;
			sourceTree = "<group>";
		};
		8434405B29CE0A7900ED0588 /* services */ = {
			isa = PBXGroup;
			children = (
				8434406229CE0CFC00ED0588 /* BanqueRestAPI.swift */,
				84B54CB929D742160024AACA /* ClientRestAPI.swift */,
			);
			path = services;
			sourceTree = "<group>";
		};
/* End PBXGroup section */

/* Begin PBXNativeTarget section */
		8434404229CE0A4900ED0588 /* sol-td07 */ = {
			isa = PBXNativeTarget;
			buildConfigurationList = 8434405729CE0A4B00ED0588 /* Build configuration list for PBXNativeTarget "sol-td07" */;
			buildPhases = (
				8434403F29CE0A4900ED0588 /* Sources */,
				8434404029CE0A4900ED0588 /* Frameworks */,
				8434404129CE0A4900ED0588 /* Resources */,
			);
			buildRules = (
			);
			dependencies = (
			);
			name = "sol-td07";
			productName = "sol-td07";
			productReference = 8434404329CE0A4900ED0588 /* sol-td07.app */;
			productType = "com.apple.product-type.application";
		};
/* End PBXNativeTarget section */

/* Begin PBXProject section */
		8434403B29CE0A4900ED0588 /* Project object */ = {
			isa = PBXProject;
			attributes = {
				BuildIndependentTargetsInParallel = 1;
				LastSwiftUpdateCheck = 1420;
				LastUpgradeCheck = 1420;
				TargetAttributes = {
					8434404229CE0A4900ED0588 = {
						CreatedOnToolsVersion = 14.2;
					};
				};
			};
			buildConfigurationList = 8434403E29CE0A4900ED0588 /* Build configuration list for PBXProject "sol-td07" */;
			compatibilityVersion = "Xcode 14.0";
			developmentRegion = en;
			hasScannedForEncodings = 0;
			knownRegions = (
				en,
				Base,
			);
			mainGroup = 8434403A29CE0A4900ED0588;
			productRefGroup = 8434404429CE0A4900ED0588 /* Products */;
			projectDirPath = "";
			projectRoot = "";
			targets = (
				8434404229CE0A4900ED0588 /* sol-td07 */,
			);
		};
/* End PBXProject section */

/* Begin PBXResourcesBuildPhase section */
		8434404129CE0A4900ED0588 /* Resources */ = {
			isa = PBXResourcesBuildPhase;
			buildActionMask = 2147483647;
			files = (
				8434405329CE0A4B00ED0588 /* LaunchScreen.storyboard in Resources */,
				8434405029CE0A4B00ED0588 /* Assets.xcassets in Resources */,
				8434404E29CE0A4900ED0588 /* Main.storyboard in Resources */,
			);
			runOnlyForDeploymentPostprocessing = 0;
		};
/* End PBXResourcesBuildPhase section */

/* Begin PBXSourcesBuildPhase section */
		8434403F29CE0A4900ED0588 /* Sources */ = {
			isa = PBXSourcesBuildPhase;
			buildActionMask = 2147483647;
			files = (
				8434404729CE0A4900ED0588 /* AppDelegate.swift in Sources */,
				8434404929CE0A4900ED0588 /* SceneDelegate.swift in Sources */,
				8434406129CE0ACD00ED0588 /* Compte.swift in Sources */,
				8434405F29CE0AB900ED0588 /* Client.swift in Sources */,
				8434405D29CE0AAC00ED0588 /* Banque.swift in Sources */,
				84B54CBA29D742160024AACA /* ClientRestAPI.swift in Sources */,
				8434406329CE0CFC00ED0588 /* BanqueRestAPI.swift in Sources */,
				84B54CBC29D74C550024AACA /* ClientsTVC.swift in Sources */,
				8434406529CE1D5F00ED0588 /* BanquesTVC.swift in Sources */,
			);
			runOnlyForDeploymentPostprocessing = 0;
		};
/* End PBXSourcesBuildPhase section */

/* Begin PBXVariantGroup section */
		8434404C29CE0A4900ED0588 /* Main.storyboard */ = {
			isa = PBXVariantGroup;
			children = (
				8434404D29CE0A4900ED0588 /* Base */,
			);
			name = Main.storyboard;
			sourceTree = "<group>";
		};
		8434405129CE0A4B00ED0588 /* LaunchScreen.storyboard */ = {
			isa = PBXVariantGroup;
			children = (
				8434405229CE0A4B00ED0588 /* Base */,
			);
			name = LaunchScreen.storyboard;
			sourceTree = "<group>";
		};
/* End PBXVariantGroup section */

/* Begin XCBuildConfiguration section */
		8434405529CE0A4B00ED0588 /* Debug */ = {
			isa = XCBuildConfiguration;
			buildSettings = {
				ALWAYS_SEARCH_USER_PATHS = NO;
				CLANG_ANALYZER_NONNULL = YES;
				CLANG_ANALYZER_NUMBER_OBJECT_CONVERSION = YES_AGGRESSIVE;
				CLANG_CXX_LANGUAGE_STANDARD = "gnu++20";
				CLANG_ENABLE_MODULES = YES;
				CLANG_ENABLE_OBJC_ARC = YES;
				CLANG_ENABLE_OBJC_WEAK = YES;
				CLANG_WARN_BLOCK_CAPTURE_AUTORELEASING = YES;
				CLANG_WARN_BOOL_CONVERSION = YES;
				CLANG_WARN_COMMA = YES;
				CLANG_WARN_CONSTANT_CONVERSION = YES;
				CLANG_WARN_DEPRECATED_OBJC_IMPLEMENTATIONS = YES;
				CLANG_WARN_DIRECT_OBJC_ISA_USAGE = YES_ERROR;
				CLANG_WARN_DOCUMENTATION_COMMENTS = YES;
				CLANG_WARN_EMPTY_BODY = YES;
				CLANG_WARN_ENUM_CONVERSION = YES;
				CLANG_WARN_INFINITE_RECURSION = YES;
				CLANG_WARN_INT_CONVERSION = YES;
				CLANG_WARN_NON_LITERAL_NULL_CONVERSION = YES;
				CLANG_WARN_OBJC_IMPLICIT_RETAIN_SELF = YES;
				CLANG_WARN_OBJC_LITERAL_CONVERSION = YES;
				CLANG_WARN_OBJC_ROOT_CLASS = YES_ERROR;
				CLANG_WARN_QUOTED_INCLUDE_IN_FRAMEWORK_HEADER = YES;
				CLANG_WARN_RANGE_LOOP_ANALYSIS = YES;
				CLANG_WARN_STRICT_PROTOTYPES = YES;
				CLANG_WARN_SUSPICIOUS_MOVE = YES;
				CLANG_WARN_UNGUARDED_AVAILABILITY = YES_AGGRESSIVE;
				CLANG_WARN_UNREACHABLE_CODE = YES;
				CLANG_WARN__DUPLICATE_METHOD_MATCH = YES;
				COPY_PHASE_STRIP = NO;
				DEBUG_INFORMATION_FORMAT = dwarf;
				ENABLE_STRICT_OBJC_MSGSEND = YES;
				ENABLE_TESTABILITY = YES;
				GCC_C_LANGUAGE_STANDARD = gnu11;
				GCC_DYNAMIC_NO_PIC = NO;
				GCC_NO_COMMON_BLOCKS = YES;
				GCC_OPTIMIZATION_LEVEL = 0;
				GCC_PREPROCESSOR_DEFINITIONS = (
					"DEBUG=1",
					"$(inherited)",
				);
				GCC_WARN_64_TO_32_BIT_CONVERSION = YES;
				GCC_WARN_ABOUT_RETURN_TYPE = YES_ERROR;
				GCC_WARN_UNDECLARED_SELECTOR = YES;
				GCC_WARN_UNINITIALIZED_AUTOS = YES_AGGRESSIVE;
				GCC_WARN_UNUSED_FUNCTION = YES;
				GCC_WARN_UNUSED_VARIABLE = YES;
				IPHONEOS_DEPLOYMENT_TARGET = 16.2;
				MTL_ENABLE_DEBUG_INFO = INCLUDE_SOURCE;
				MTL_FAST_MATH = YES;
				ONLY_ACTIVE_ARCH = YES;
				SDKROOT = iphoneos;
				SWIFT_ACTIVE_COMPILATION_CONDITIONS = DEBUG;
				SWIFT_OPTIMIZATION_LEVEL = "-Onone";
			};
			name = Debug;
		};
		8434405629CE0A4B00ED0588 /* Release */ = {
			isa = XCBuildConfiguration;
			buildSettings = {
				ALWAYS_SEARCH_USER_PATHS = NO;
				CLANG_ANALYZER_NONNULL = YES;
				CLANG_ANALYZER_NUMBER_OBJECT_CONVERSION = YES_AGGRESSIVE;
				CLANG_CXX_LANGUAGE_STANDARD = "gnu++20";
				CLANG_ENABLE_MODULES = YES;
				CLANG_ENABLE_OBJC_ARC = YES;
				CLANG_ENABLE_OBJC_WEAK = YES;
				CLANG_WARN_BLOCK_CAPTURE_AUTORELEASING = YES;
				CLANG_WARN_BOOL_CONVERSION = YES;
				CLANG_WARN_COMMA = YES;
				CLANG_WARN_CONSTANT_CONVERSION = YES;
				CLANG_WARN_DEPRECATED_OBJC_IMPLEMENTATIONS = YES;
				CLANG_WARN_DIRECT_OBJC_ISA_USAGE = YES_ERROR;
				CLANG_WARN_DOCUMENTATION_COMMENTS = YES;
				CLANG_WARN_EMPTY_BODY = YES;
				CLANG_WARN_ENUM_CONVERSION = YES;
				CLANG_WARN_INFINITE_RECURSION = YES;
				CLANG_WARN_INT_CONVERSION = YES;
				CLANG_WARN_NON_LITERAL_NULL_CONVERSION = YES;
				CLANG_WARN_OBJC_IMPLICIT_RETAIN_SELF = YES;
				CLANG_WARN_OBJC_LITERAL_CONVERSION = YES;
				CLANG_WARN_OBJC_ROOT_CLASS = YES_ERROR;
				CLANG_WARN_QUOTED_INCLUDE_IN_FRAMEWORK_HEADER = YES;
				CLANG_WARN_RANGE_LOOP_ANALYSIS = YES;
				CLANG_WARN_STRICT_PROTOTYPES = YES;
				CLANG_WARN_SUSPICIOUS_MOVE = YES;
				CLANG_WARN_UNGUARDED_AVAILABILITY = YES_AGGRESSIVE;
				CLANG_WARN_UNREACHABLE_CODE = YES;
				CLANG_WARN__DUPLICATE_METHOD_MATCH = YES;
				COPY_PHASE_STRIP = NO;
				DEBUG_INFORMATION_FORMAT = "dwarf-with-dsym";
				ENABLE_NS_ASSERTIONS = NO;
				ENABLE_STRICT_OBJC_MSGSEND = YES;
				GCC_C_LANGUAGE_STANDARD = gnu11;
				GCC_NO_COMMON_BLOCKS = YES;
				GCC_WARN_64_TO_32_BIT_CONVERSION = YES;
				GCC_WARN_ABOUT_RETURN_TYPE = YES_ERROR;
				GCC_WARN_UNDECLARED_SELECTOR = YES;
				GCC_WARN_UNINITIALIZED_AUTOS = YES_AGGRESSIVE;
				GCC_WARN_UNUSED_FUNCTION = YES;
				GCC_WARN_UNUSED_VARIABLE = YES;
				IPHONEOS_DEPLOYMENT_TARGET = 16.2;
				MTL_ENABLE_DEBUG_INFO = NO;
				MTL_FAST_MATH = YES;
				SDKROOT = iphoneos;
				SWIFT_COMPILATION_MODE = wholemodule;
				SWIFT_OPTIMIZATION_LEVEL = "-O";
				VALIDATE_PRODUCT = YES;
			};
			name = Release;
		};
		8434405829CE0A4B00ED0588 /* Debug */ = {
			isa = XCBuildConfiguration;
			buildSettings = {
				ASSETCATALOG_COMPILER_APPICON_NAME = AppIcon;
				ASSETCATALOG_COMPILER_GLOBAL_ACCENT_COLOR_NAME = AccentColor;
				CODE_SIGN_STYLE = Automatic;
				CURRENT_PROJECT_VERSION = 1;
				GENERATE_INFOPLIST_FILE = YES;
				INFOPLIST_FILE = "sol-td07/Info.plist";
				INFOPLIST_KEY_UIApplicationSupportsIndirectInputEvents = YES;
				INFOPLIST_KEY_UILaunchStoryboardName = LaunchScreen;
				INFOPLIST_KEY_UIMainStoryboardFile = Main;
				INFOPLIST_KEY_UISupportedInterfaceOrientations_iPad = "UIInterfaceOrientationPortrait UIInterfaceOrientationPortraitUpsideDown UIInterfaceOrientationLandscapeLeft UIInterfaceOrientationLandscapeRight";
				INFOPLIST_KEY_UISupportedInterfaceOrientations_iPhone = "UIInterfaceOrientationPortrait UIInterfaceOrientationLandscapeLeft UIInterfaceOrientationLandscapeRight";
				LD_RUNPATH_SEARCH_PATHS = (
					"$(inherited)",
					"@executable_path/Frameworks",
				);
				MARKETING_VERSION = 1.0;
				PRODUCT_BUNDLE_IDENTIFIER = "ca.qc.colval.sol-td07";
				PRODUCT_NAME = "$(TARGET_NAME)";
				SWIFT_EMIT_LOC_STRINGS = YES;
				SWIFT_VERSION = 5.0;
				TARGETED_DEVICE_FAMILY = "1,2";
			};
			name = Debug;
		};
		8434405929CE0A4B00ED0588 /* Release */ = {
			isa = XCBuildConfiguration;
			buildSettings = {
				ASSETCATALOG_COMPILER_APPICON_NAME = AppIcon;
				ASSETCATALOG_COMPILER_GLOBAL_ACCENT_COLOR_NAME = AccentColor;
				CODE_SIGN_STYLE = Automatic;
				CURRENT_PROJECT_VERSION = 1;
				GENERATE_INFOPLIST_FILE = YES;
				INFOPLIST_FILE = "sol-td07/Info.plist";
				INFOPLIST_KEY_UIApplicationSupportsIndirectInputEvents = YES;
				INFOPLIST_KEY_UILaunchStoryboardName = LaunchScreen;
				INFOPLIST_KEY_UIMainStoryboardFile = Main;
				INFOPLIST_KEY_UISupportedInterfaceOrientations_iPad = "UIInterfaceOrientationPortrait UIInterfaceOrientationPortraitUpsideDown UIInterfaceOrientationLandscapeLeft UIInterfaceOrientationLandscapeRight";
				INFOPLIST_KEY_UISupportedInterfaceOrientations_iPhone = "UIInterfaceOrientationPortrait UIInterfaceOrientationLandscapeLeft UIInterfaceOrientationLandscapeRight";
				LD_RUNPATH_SEARCH_PATHS = (
					"$(inherited)",
					"@executable_path/Frameworks",
				);
				MARKETING_VERSION = 1.0;
				PRODUCT_BUNDLE_IDENTIFIER = "ca.qc.colval.sol-td07";
				PRODUCT_NAME = "$(TARGET_NAME)";
				SWIFT_EMIT_LOC_STRINGS = YES;
				SWIFT_VERSION = 5.0;
				TARGETED_DEVICE_FAMILY = "1,2";
			};
			name = Release;
		};
/* End XCBuildConfiguration section */

/* Begin XCConfigurationList section */
		8434403E29CE0A4900ED0588 /* Build configuration list for PBXProject "sol-td07" */ = {
			isa = XCConfigurationList;
			buildConfigurations = (
				8434405529CE0A4B00ED0588 /* Debug */,
				8434405629CE0A4B00ED0588 /* Release */,
			);
			defaultConfigurationIsVisible = 0;
			defaultConfigurationName = Release;
		};
		8434405729CE0A4B00ED0588 /* Build configuration list for PBXNativeTarget "sol-td07" */ = {
			isa = XCConfigurationList;
			buildConfigurations = (
				8434405829CE0A4B00ED0588 /* Debug */,
				8434405929CE0A4B00ED0588 /* Release */,
			);
			defaultConfigurationIsVisible = 0;
			defaultConfigurationName = Release;
		};
/* End XCConfigurationList section */
	};
	rootObject = 8434403B29CE0A4900ED0588 /* Project object */;
}
